Microsoft Visual Studio Solution File, Format Version 12.00
# Visual Studio Version 17
VisualStudioVersion = 17.5.2.0
MinimumVisualStudioVersion = 10.0.40219.1
Project("{FAE04EC0-301F-11D3-BF4B-00C04F79EFBC}") = "Demous Studios", "Demous Studios.csproj", "{EB24440D-4611-ACD0-DBE6-AD119269E6EB}"
EndProject
Global
	GlobalSection(SolutionConfigurationPlatforms) = preSolution
		Debug|Any CPU = Debug|Any CPU
		Release|Any CPU = Release|Any CPU
	EndGlobalSection
	GlobalSection(ProjectConfigurationPlatforms) = postSolution
		{EB24440D-4611-ACD0-DBE6-AD119269E6EB}.Debug|Any CPU.ActiveCfg = Debug|Any CPU
		{EB24440D-4611-ACD0-DBE6-AD119269E6EB}.Debug|Any CPU.Build.0 = Debug|Any CPU
		{EB24440D-4611-ACD0-DBE6-AD119269E6EB}.Release|Any CPU.ActiveCfg = Release|Any CPU
		{EB24440D-4611-ACD0-DBE6-AD119269E6EB}.Release|Any CPU.Build.0 = Release|Any CPU
	EndGlobalSection
	GlobalSection(SolutionProperties) = preSolution
		HideSolutionNode = FALSE
	EndGlobalSection
	GlobalSection(ExtensibilityGlobals) = postSolution
		SolutionGuid = {A6714611-0FCE-4F6D-8EDE-4F88D3AA3D0B}
	EndGlobalSection
EndGlobal
